
Microsoft Visual Studio Solution File, Format Version 12.00
# Visual Studio Version 17
VisualStudioVersion = 17.7.34221.43
MinimumVisualStudioVersion = 10.0.40219.1
Project("{FAE04EC0-301F-11D3-BF4B-00C04F79EFBC}") = "AlimDatasource", "AlimDatasource\AlimDatasource.csproj", "{9E943E55-5195-4EC2-8C1E-95B6260AF380}"
EndProject
Global
	GlobalSection(SolutionConfigurationPlatforms) = preSolution
		Debug|Any CPU = Debug|Any CPU
		Release|Any CPU = Release|Any CPU
	EndGlobalSection
	GlobalSection(ProjectConfigurationPlatforms) = postSolution
		{9E943E55-5195-4EC2-8C1E-95B6260AF380}.Debug|Any CPU.ActiveCfg = Debug|Any CPU
		{9E943E55-5195-4EC2-8C1E-95B6260AF380}.Debug|Any CPU.Build.0 = Debug|Any CPU
		{9E943E55-5195-4EC2-8C1E-95B6260AF380}.Release|Any CPU.ActiveCfg = Release|Any CPU
		{9E943E55-5195-4EC2-8C1E-95B6260AF380}.Release|Any CPU.Build.0 = Release|Any CPU
	EndGlobalSection
	GlobalSection(SolutionProperties) = preSolution
		HideSolutionNode = FALSE
	EndGlobalSection
	GlobalSection(ExtensibilityGlobals) = postSolution
		SolutionGuid = {D6D9F30D-2F18-4705-A23C-F2AC024D69F5}
	EndGlobalSection
EndGlobal
